{
    "_readme": [
        "This file locks the dependencies of your project to a known state",
        "Read more about it at https://getcomposer.org/doc/01-basic-usage.md#installing-dependencies",
        "This file is @generated automatically"
    ],
    "content-hash": "96ab6598b7f9f25e0a4dd4ea30aacc97",
    "packages": [
        {
            "name": "chriskacerguis/codeigniter-restserver",
            "version": "3.1.1",
            "source": {
                "type": "git",
                "url": "https://github.com/chriskacerguis/codeigniter-restserver.git",
                "reference": "6ced70d12c7e8d207eaded3f208a201330950b57"
            },
            "dist": {
                "type": "zip",
                "url": "https://api.github.com/repos/chriskacerguis/codeigniter-restserver/zipball/6ced70d12c7e8d207eaded3f208a201330950b57",
                "reference": "6ced70d12c7e8d207eaded3f208a201330950b57",
                "shasum": ""
            },
            "type": "library",
            "autoload": {
                "psr-4": {
                    "chriskacerguis\\RestServer\\": "src/"
                }
            },
            "notification-url": "https://packagist.org/downloads/",
            "license": [
                "MIT"
            ],
            "authors": [
                {
                    "name": "Chris Kacerguis",
                    "email": "chriskacerguis@gmail.com"
                }
            ],
            "description": "CI Rest Server",
            "time": "2019-11-12T15:39:34+00:00"
        },
        {
            "name": "firebase/php-jwt",
            "version": "v5.0.0",
            "source": {
                "type": "git",
                "url": "https://github.com/firebase/php-jwt.git",
                "reference": "9984a4d3a32ae7673d6971ea00bae9d0a1abba0e"
            },
            "dist": {
                "type": "zip",
                "url": "https://api.github.com/repos/firebase/php-jwt/zipball/9984a4d3a32ae7673d6971ea00bae9d0a1abba0e",
                "reference": "9984a4d3a32ae7673d6971ea00bae9d0a1abba0e",
                "shasum": ""
            },
            "require": {
                "php": ">=5.3.0"
            },
            "require-dev": {
                "phpunit/phpunit": " 4.8.35"
            },
            "type": "library",
            "autoload": {
                "psr-4": {
                    "Firebase\\JWT\\": "src"
                }
            },
            "notification-url": "https://packagist.org/downloads/",
            "license": [
                "BSD-3-Clause"
            ],
            "authors": [
                {
                    "name": "Neuman Vong",
                    "email": "neuman+pear@twilio.com",
                    "role": "Developer"
                },
                {
                    "name": "Anant Narayanan",
                    "email": "anant@php.net",
                    "role": "Developer"
                }
            ],
            "description": "A simple library to encode and decode JSON Web Tokens (JWT) in PHP. Should conform to the current spec.",
            "homepage": "https://github.com/firebase/php-jwt",
            "time": "2017-06-27T22:17:23+00:00"
        },
        {
            "name": "studio-42/elfinder",
            "version": "2.1.59",
            "source": {
                "type": "git",
                "url": "https://github.com/Studio-42/elFinder.git",
                "reference": "06ada3132cefd057e1d89cb016f8c82473d420d4"
            },
            "dist": {
                "type": "zip",
                "url": "https://api.github.com/repos/Studio-42/elFinder/zipball/06ada3132cefd057e1d89cb016f8c82473d420d4",
                "reference": "06ada3132cefd057e1d89cb016f8c82473d420d4",
                "shasum": ""
            },
            "require": {
                "php": ">=5.2"
            },
            "suggest": {
                "barryvdh/elfinder-flysystem-driver": "VolumeDriver for elFinder to use Flysystem as a root.",
                "google/apiclient": "VolumeDriver GoogleDrive require `google/apiclient:^2.0.",
                "kunalvarma05/dropbox-php-sdk": "VolumeDriver `Dropbox`2 require `kunalvarma05/dropbox-php-sdk.",
                "nao-pon/flysystem-google-drive": "require in GoogleDrive network volume mounting with Flysystem."
            },
            "type": "library",
            "autoload": {
                "classmap": [
                    "php"
                ]
            },
            "notification-url": "https://packagist.org/downloads/",
            "license": [
                "BSD-3-Clause"
            ],
            "authors": [
                {
                    "name": "Dmitry Levashov",
                    "email": "dio@std42.ru",
                    "homepage": "http://std42.ru"
                },
                {
                    "name": "Troex Nevelin",
                    "email": "troex@fury.scancode.ru",
                    "homepage": "http://std42.ru"
                },
                {
                    "name": "Naoki Sawada",
                    "email": "hypweb+elfinder@gmail.com",
                    "homepage": "http://xoops.hypweb.net"
                },
                {
                    "name": "Community contributions",
                    "homepage": "https://github.com/Studio-42/elFinder/contributors"
                }
            ],
            "description": "File manager for web",
            "homepage": "http://elfinder.org",
            "support": {
                "issues": "https://github.com/Studio-42/elFinder/issues",
                "source": "https://github.com/Studio-42/elFinder/tree/2.1.59"
            },
            "time": "2021-06-13T15:04:24+00:00"
        }
    ],
    "packages-dev": [],
    "aliases": [],
    "minimum-stability": "stable",
    "stability-flags": [],
    "prefer-stable": false,
    "prefer-lowest": false,
    "platform": [],
    "platform-dev": [],
    "plugin-api-version": "2.1.0"
}
